
Microsoft Visual Studio Solution File, Format Version 12.00
# Visual Studio Version 17
VisualStudioVersion = 17.0.32112.339
MinimumVisualStudioVersion = 10.0.40219.1
Project("{FAE04EC0-301F-11D3-BF4B-00C04F79EFBC}") = "MegaCasting2022.Pgr", "MegaCasting2022.Pgr\MegaCasting2022.Pgr.csproj", "{51EF9F45-0CD3-4821-9FA4-85BBB4A23091}"
EndProject
Project("{FAE04EC0-301F-11D3-BF4B-00C04F79EFBC}") = "MegaCasting2022.DBLib", "MegaCasting2022.DBLib\MegaCasting2022.DBLib.csproj", "{C93EF3DC-1786-4624-B5DC-0B91202FE13A}"
EndProject
Global
	GlobalSection(SolutionConfigurationPlatforms) = preSolution
		Debug|Any CPU = Debug|Any CPU
		Release|Any CPU = Release|Any CPU
	EndGlobalSection
	GlobalSection(ProjectConfigurationPlatforms) = postSolution
		{51EF9F45-0CD3-4821-9FA4-85BBB4A23091}.Debug|Any CPU.ActiveCfg = Debug|Any CPU
		{51EF9F45-0CD3-4821-9FA4-85BBB4A23091}.Debug|Any CPU.Build.0 = Debug|Any CPU
		{51EF9F45-0CD3-4821-9FA4-85BBB4A23091}.Release|Any CPU.ActiveCfg = Release|Any CPU
		{51EF9F45-0CD3-4821-9FA4-85BBB4A23091}.Release|Any CPU.Build.0 = Release|Any CPU
		{C93EF3DC-1786-4624-B5DC-0B91202FE13A}.Debug|Any CPU.ActiveCfg = Debug|Any CPU
		{C93EF3DC-1786-4624-B5DC-0B91202FE13A}.Debug|Any CPU.Build.0 = Debug|Any CPU
		{C93EF3DC-1786-4624-B5DC-0B91202FE13A}.Release|Any CPU.ActiveCfg = Release|Any CPU
		{C93EF3DC-1786-4624-B5DC-0B91202FE13A}.Release|Any CPU.Build.0 = Release|Any CPU
	EndGlobalSection
	GlobalSection(SolutionProperties) = preSolution
		HideSolutionNode = FALSE
	EndGlobalSection
	GlobalSection(ExtensibilityGlobals) = postSolution
		SolutionGuid = {D517F8E5-07B7-4C1D-9CC3-59BC364C7827}
	EndGlobalSection
EndGlobal
